
Microsoft Visual Studio Solution File, Format Version 12.00
# Visual Studio Version 16
VisualStudioVersion = 16.0.30804.86
MinimumVisualStudioVersion = 10.0.40219.1
Project("{FAE04EC0-301F-11D3-BF4B-00C04F79EFBC}") = "Wiederholung", "Wiederholung\Wiederholung.csproj", "{5C604E9B-21E2-488B-AF8B-424411687422}"
EndProject
Global
	GlobalSection(SolutionConfigurationPlatforms) = preSolution
		Debug|Any CPU = Debug|Any CPU
		Release|Any CPU = Release|Any CPU
	EndGlobalSection
	GlobalSection(ProjectConfigurationPlatforms) = postSolution
		{5C604E9B-21E2-488B-AF8B-424411687422}.Debug|Any CPU.ActiveCfg = Debug|Any CPU
		{5C604E9B-21E2-488B-AF8B-424411687422}.Debug|Any CPU.Build.0 = Debug|Any CPU
		{5C604E9B-21E2-488B-AF8B-424411687422}.Release|Any CPU.ActiveCfg = Release|Any CPU
		{5C604E9B-21E2-488B-AF8B-424411687422}.Release|Any CPU.Build.0 = Release|Any CPU
	EndGlobalSection
	GlobalSection(SolutionProperties) = preSolution
		HideSolutionNode = FALSE
	EndGlobalSection
	GlobalSection(ExtensibilityGlobals) = postSolution
		SolutionGuid = {CFE0A072-0D4A-410C-8775-AE6835EE3CEA}
	EndGlobalSection
EndGlobal
